
Microsoft Visual Studio Solution File, Format Version 12.00
Project("{FAE04EC0-301F-11D3-BF4B-00C04F79EFBC}") = "AbstractFactory", "AbstractFactory\AbstractFactory.csproj", "{920F2D4D-FF12-4F03-A08A-3208645466A6}"
EndProject
Project("{FAE04EC0-301F-11D3-BF4B-00C04F79EFBC}") = "Builder", "Builder\Builder.csproj", "{10E11E04-87DB-4297-9733-6D841B62173D}"
EndProject
Global
	GlobalSection(SolutionConfigurationPlatforms) = preSolution
		Debug|Any CPU = Debug|Any CPU
		Release|Any CPU = Release|Any CPU
	EndGlobalSection
	GlobalSection(ProjectConfigurationPlatforms) = postSolution
		{920F2D4D-FF12-4F03-A08A-3208645466A6}.Debug|Any CPU.ActiveCfg = Debug|Any CPU
		{920F2D4D-FF12-4F03-A08A-3208645466A6}.Debug|Any CPU.Build.0 = Debug|Any CPU
		{920F2D4D-FF12-4F03-A08A-3208645466A6}.Release|Any CPU.ActiveCfg = Release|Any CPU
		{920F2D4D-FF12-4F03-A08A-3208645466A6}.Release|Any CPU.Build.0 = Release|Any CPU
		{10E11E04-87DB-4297-9733-6D841B62173D}.Debug|Any CPU.ActiveCfg = Debug|Any CPU
		{10E11E04-87DB-4297-9733-6D841B62173D}.Debug|Any CPU.Build.0 = Debug|Any CPU
		{10E11E04-87DB-4297-9733-6D841B62173D}.Release|Any CPU.ActiveCfg = Release|Any CPU
		{10E11E04-87DB-4297-9733-6D841B62173D}.Release|Any CPU.Build.0 = Release|Any CPU
	EndGlobalSection
EndGlobal
